
Microsoft Visual Studio Solution File, Format Version 12.00
# Visual Studio Version 17
VisualStudioVersion = 17.13.35605.110
MinimumVisualStudioVersion = 10.0.40219.1
Project("{2150E333-8FDC-42A3-9474-1A3956D46DE8}") = "Services", "Services", "{02EA681E-C7D8-13C7-8484-4AC65E1B71E8}"
EndProject
Project("{FAE04EC0-301F-11D3-BF4B-00C04F79EFBC}") = "MultiShop.Catalog", "Services\Catalog\MultiShop.Catalog\MultiShop.Catalog.csproj", "{21BC3289-D577-49C6-9B9C-580C23D99BC9}"
EndProject
Project("{2150E333-8FDC-42A3-9474-1A3956D46DE8}") = "Catalog", "Catalog", "{5DB57605-91FE-42A5-9B06-3FC09CA8FF9D}"
EndProject
Project("{2150E333-8FDC-42A3-9474-1A3956D46DE8}") = "Discount", "Discount", "{36570BD9-8D0A-4E6D-A839-BEDC5A03E323}"
EndProject
Project("{FAE04EC0-301F-11D3-BF4B-00C04F79EFBC}") = "MultiShop.Discount", "Services\Discount\MultiShop.Discount\MultiShop.Discount.csproj", "{0E0F7508-CD06-4BA1-A170-6E9D2A8178C7}"
EndProject
Project("{2150E333-8FDC-42A3-9474-1A3956D46DE8}") = "Order", "Order", "{313121F3-23A9-4856-8C29-42F84EACECBA}"
EndProject
Project("{2150E333-8FDC-42A3-9474-1A3956D46DE8}") = "Core", "Core", "{FB1F7322-7863-4E9B-9D9D-E4D00345F91C}"
EndProject
Project("{2150E333-8FDC-42A3-9474-1A3956D46DE8}") = "Infrastructure", "Infrastructure", "{7AF621C3-7706-4B66-A197-1AC255FDDD1E}"
EndProject
Project("{2150E333-8FDC-42A3-9474-1A3956D46DE8}") = "Presentation", "Presentation", "{152E9F93-1E23-4BEF-8B59-135841B15F36}"
EndProject
Project("{FAE04EC0-301F-11D3-BF4B-00C04F79EFBC}") = "MultiShop.Order.Domain", "Services\Order\Core\MultiShop.Order.Domain\MultiShop.Order.Domain.csproj", "{B9E5AE01-6013-493B-8C36-563A03BA0FFD}"
EndProject
Project("{FAE04EC0-301F-11D3-BF4B-00C04F79EFBC}") = "MultiShop.Order.Application", "Services\Order\Core\MultiShop.Order.Application\MultiShop.Order.Application.csproj", "{26271E9A-24CC-4692-AFE9-1B638C965550}"
EndProject
Project("{FAE04EC0-301F-11D3-BF4B-00C04F79EFBC}") = "MultiShop.Order.Persistence", "Services\Order\Infrastructure\MultiShop.Order.Persistence\MultiShop.Order.Persistence.csproj", "{37E26818-2813-4F8F-9153-6354345DD076}"
EndProject
Project("{FAE04EC0-301F-11D3-BF4B-00C04F79EFBC}") = "MultiShop.Order.WebApi", "Services\Order\Presentation\MultiShop.Order.WebApi\MultiShop.Order.WebApi.csproj", "{0F8F4FB4-9EB9-4C5C-BF21-93A1F4A37170}"
EndProject
Project("{2150E333-8FDC-42A3-9474-1A3956D46DE8}") = "IdentityServer", "IdentityServer", "{A973780A-CEF6-49C8-B7B6-CAD047F77360}"
EndProject
Project("{FAE04EC0-301F-11D3-BF4B-00C04F79EFBC}") = "MultiShop.IdentityServer", "IdentityServer\MultiShop.IdentityServer\MultiShop.IdentityServer.csproj", "{EA14094F-FB55-5ABC-1402-B4229C4AD0B1}"
EndProject
Project("{2150E333-8FDC-42A3-9474-1A3956D46DE8}") = "Requirements", "Requirements", "{C52FEF4A-FB79-43EE-A323-F14AD06F9E9F}"
	ProjectSection(SolutionItems) = preProject
		PortNumber.txt = PortNumber.txt
	EndProjectSection
EndProject
Project("{2150E333-8FDC-42A3-9474-1A3956D46DE8}") = "Cargo", "Cargo", "{5B1B7302-04EF-489F-8820-EA99F2D209B2}"
EndProject
Project("{FAE04EC0-301F-11D3-BF4B-00C04F79EFBC}") = "MultiShop.Cargo.EntityLayer", "Services\Cargo\MultiShop.Cargo.EntityLayer\MultiShop.Cargo.EntityLayer.csproj", "{41E55B55-9ECA-4FA5-AB28-2916F8CBB1F0}"
EndProject
Project("{FAE04EC0-301F-11D3-BF4B-00C04F79EFBC}") = "MultiShop.Cargo.BusinessLayer", "Services\Cargo\MultiShop.Cargo.BusinessLayer\MultiShop.Cargo.BusinessLayer.csproj", "{9E9CAAB0-A1E9-4B55-ADDA-76366A7AC7FB}"
EndProject
Project("{FAE04EC0-301F-11D3-BF4B-00C04F79EFBC}") = "MultiShop.Cargo.DataAccessLayer", "Services\Cargo\MultiShop.Cargo.DataAccessLayer\MultiShop.Cargo.DataAccessLayer.csproj", "{79C69774-6BD3-4CDE-946D-3D99A703C444}"
EndProject
Project("{FAE04EC0-301F-11D3-BF4B-00C04F79EFBC}") = "MultiShop.Cargo.DtoLayer", "Services\Cargo\MultiShop.Cargo.DtoLayer\MultiShop.Cargo.DtoLayer.csproj", "{3A5BD039-528D-4512-AF7B-B56A6A5CC44C}"
EndProject
Project("{FAE04EC0-301F-11D3-BF4B-00C04F79EFBC}") = "MultiShop.Cargo.WebApi", "Services\Cargo\MultiShop.Cargo.WebApi\MultiShop.Cargo.WebApi.csproj", "{8FBA8E4A-0191-4703-9359-2A2599FD9839}"
EndProject
Project("{2150E333-8FDC-42A3-9474-1A3956D46DE8}") = "Basket", "Basket", "{3E9F7A9D-8FF1-4349-9D18-3063907C5E0A}"
EndProject
Project("{FAE04EC0-301F-11D3-BF4B-00C04F79EFBC}") = "MultiShop.Basket", "Services\Basket\MultiShop.Basket\MultiShop.Basket.csproj", "{2C1AF309-CF0E-4391-9823-7F9E81F6A9F4}"
EndProject
Project("{2150E333-8FDC-42A3-9474-1A3956D46DE8}") = "FrontEnds", "FrontEnds", "{BB690AA7-A82B-40BF-A0AB-22A42D3A8E65}"
EndProject
Project("{FAE04EC0-301F-11D3-BF4B-00C04F79EFBC}") = "MultiShop.WebUI", "FrontEnds\MultiShop.WebUI\MultiShop.WebUI.csproj", "{CD2F3DAF-7CF3-4AD3-97D5-D3877F146F29}"
EndProject
Project("{FAE04EC0-301F-11D3-BF4B-00C04F79EFBC}") = "MultiShop.DtoLayer", "FrontEnds\MultiShop.DtoLayer\MultiShop.DtoLayer.csproj", "{DDD27FCD-6BE1-4817-ACAB-237658667A95}"
EndProject
Global
	GlobalSection(SolutionConfigurationPlatforms) = preSolution
		Debug|Any CPU = Debug|Any CPU
		Release|Any CPU = Release|Any CPU
	EndGlobalSection
	GlobalSection(ProjectConfigurationPlatforms) = postSolution
		{21BC3289-D577-49C6-9B9C-580C23D99BC9}.Debug|Any CPU.ActiveCfg = Debug|Any CPU
		{21BC3289-D577-49C6-9B9C-580C23D99BC9}.Debug|Any CPU.Build.0 = Debug|Any CPU
		{21BC3289-D577-49C6-9B9C-580C23D99BC9}.Release|Any CPU.ActiveCfg = Release|Any CPU
		{21BC3289-D577-49C6-9B9C-580C23D99BC9}.Release|Any CPU.Build.0 = Release|Any CPU
		{0E0F7508-CD06-4BA1-A170-6E9D2A8178C7}.Debug|Any CPU.ActiveCfg = Debug|Any CPU
		{0E0F7508-CD06-4BA1-A170-6E9D2A8178C7}.Debug|Any CPU.Build.0 = Debug|Any CPU
		{0E0F7508-CD06-4BA1-A170-6E9D2A8178C7}.Release|Any CPU.ActiveCfg = Release|Any CPU
		{0E0F7508-CD06-4BA1-A170-6E9D2A8178C7}.Release|Any CPU.Build.0 = Release|Any CPU
		{B9E5AE01-6013-493B-8C36-563A03BA0FFD}.Debug|Any CPU.ActiveCfg = Debug|Any CPU
		{B9E5AE01-6013-493B-8C36-563A03BA0FFD}.Debug|Any CPU.Build.0 = Debug|Any CPU
		{B9E5AE01-6013-493B-8C36-563A03BA0FFD}.Release|Any CPU.ActiveCfg = Release|Any CPU
		{B9E5AE01-6013-493B-8C36-563A03BA0FFD}.Release|Any CPU.Build.0 = Release|Any CPU
		{26271E9A-24CC-4692-AFE9-1B638C965550}.Debug|Any CPU.ActiveCfg = Debug|Any CPU
		{26271E9A-24CC-4692-AFE9-1B638C965550}.Debug|Any CPU.Build.0 = Debug|Any CPU
		{26271E9A-24CC-4692-AFE9-1B638C965550}.Release|Any CPU.ActiveCfg = Release|Any CPU
		{26271E9A-24CC-4692-AFE9-1B638C965550}.Release|Any CPU.Build.0 = Release|Any CPU
		{37E26818-2813-4F8F-9153-6354345DD076}.Debug|Any CPU.ActiveCfg = Debug|Any CPU
		{37E26818-2813-4F8F-9153-6354345DD076}.Debug|Any CPU.Build.0 = Debug|Any CPU
		{37E26818-2813-4F8F-9153-6354345DD076}.Release|Any CPU.ActiveCfg = Release|Any CPU
		{37E26818-2813-4F8F-9153-6354345DD076}.Release|Any CPU.Build.0 = Release|Any CPU
		{0F8F4FB4-9EB9-4C5C-BF21-93A1F4A37170}.Debug|Any CPU.ActiveCfg = Debug|Any CPU
		{0F8F4FB4-9EB9-4C5C-BF21-93A1F4A37170}.Debug|Any CPU.Build.0 = Debug|Any CPU
		{0F8F4FB4-9EB9-4C5C-BF21-93A1F4A37170}.Release|Any CPU.ActiveCfg = Release|Any CPU
		{0F8F4FB4-9EB9-4C5C-BF21-93A1F4A37170}.Release|Any CPU.Build.0 = Release|Any CPU
		{EA14094F-FB55-5ABC-1402-B4229C4AD0B1}.Debug|Any CPU.ActiveCfg = Debug|Any CPU
		{EA14094F-FB55-5ABC-1402-B4229C4AD0B1}.Debug|Any CPU.Build.0 = Debug|Any CPU
		{EA14094F-FB55-5ABC-1402-B4229C4AD0B1}.Release|Any CPU.ActiveCfg = Release|Any CPU
		{EA14094F-FB55-5ABC-1402-B4229C4AD0B1}.Release|Any CPU.Build.0 = Release|Any CPU
		{41E55B55-9ECA-4FA5-AB28-2916F8CBB1F0}.Debug|Any CPU.ActiveCfg = Debug|Any CPU
		{41E55B55-9ECA-4FA5-AB28-2916F8CBB1F0}.Debug|Any CPU.Build.0 = Debug|Any CPU
		{41E55B55-9ECA-4FA5-AB28-2916F8CBB1F0}.Release|Any CPU.ActiveCfg = Release|Any CPU
		{41E55B55-9ECA-4FA5-AB28-2916F8CBB1F0}.Release|Any CPU.Build.0 = Release|Any CPU
		{9E9CAAB0-A1E9-4B55-ADDA-76366A7AC7FB}.Debug|Any CPU.ActiveCfg = Debug|Any CPU
		{9E9CAAB0-A1E9-4B55-ADDA-76366A7AC7FB}.Debug|Any CPU.Build.0 = Debug|Any CPU
		{9E9CAAB0-A1E9-4B55-ADDA-76366A7AC7FB}.Release|Any CPU.ActiveCfg = Release|Any CPU
		{9E9CAAB0-A1E9-4B55-ADDA-76366A7AC7FB}.Release|Any CPU.Build.0 = Release|Any CPU
		{79C69774-6BD3-4CDE-946D-3D99A703C444}.Debug|Any CPU.ActiveCfg = Debug|Any CPU
		{79C69774-6BD3-4CDE-946D-3D99A703C444}.Debug|Any CPU.Build.0 = Debug|Any CPU
		{79C69774-6BD3-4CDE-946D-3D99A703C444}.Release|Any CPU.ActiveCfg = Release|Any CPU
		{79C69774-6BD3-4CDE-946D-3D99A703C444}.Release|Any CPU.Build.0 = Release|Any CPU
		{3A5BD039-528D-4512-AF7B-B56A6A5CC44C}.Debug|Any CPU.ActiveCfg = Debug|Any CPU
		{3A5BD039-528D-4512-AF7B-B56A6A5CC44C}.Debug|Any CPU.Build.0 = Debug|Any CPU
		{3A5BD039-528D-4512-AF7B-B56A6A5CC44C}.Release|Any CPU.ActiveCfg = Release|Any CPU
		{3A5BD039-528D-4512-AF7B-B56A6A5CC44C}.Release|Any CPU.Build.0 = Release|Any CPU
		{8FBA8E4A-0191-4703-9359-2A2599FD9839}.Debug|Any CPU.ActiveCfg = Debug|Any CPU
		{8FBA8E4A-0191-4703-9359-2A2599FD9839}.Debug|Any CPU.Build.0 = Debug|Any CPU
		{8FBA8E4A-0191-4703-9359-2A2599FD9839}.Release|Any CPU.ActiveCfg = Release|Any CPU
		{8FBA8E4A-0191-4703-9359-2A2599FD9839}.Release|Any CPU.Build.0 = Release|Any CPU
		{2C1AF309-CF0E-4391-9823-7F9E81F6A9F4}.Debug|Any CPU.ActiveCfg = Debug|Any CPU
		{2C1AF309-CF0E-4391-9823-7F9E81F6A9F4}.Debug|Any CPU.Build.0 = Debug|Any CPU
		{2C1AF309-CF0E-4391-9823-7F9E81F6A9F4}.Release|Any CPU.ActiveCfg = Release|Any CPU
		{2C1AF309-CF0E-4391-9823-7F9E81F6A9F4}.Release|Any CPU.Build.0 = Release|Any CPU
		{CD2F3DAF-7CF3-4AD3-97D5-D3877F146F29}.Debug|Any CPU.ActiveCfg = Debug|Any CPU
		{CD2F3DAF-7CF3-4AD3-97D5-D3877F146F29}.Debug|Any CPU.Build.0 = Debug|Any CPU
		{CD2F3DAF-7CF3-4AD3-97D5-D3877F146F29}.Release|Any CPU.ActiveCfg = Release|Any CPU
		{CD2F3DAF-7CF3-4AD3-97D5-D3877F146F29}.Release|Any CPU.Build.0 = Release|Any CPU
		{DDD27FCD-6BE1-4817-ACAB-237658667A95}.Debug|Any CPU.ActiveCfg = Debug|Any CPU
		{DDD27FCD-6BE1-4817-ACAB-237658667A95}.Debug|Any CPU.Build.0 = Debug|Any CPU
		{DDD27FCD-6BE1-4817-ACAB-237658667A95}.Release|Any CPU.ActiveCfg = Release|Any CPU
		{DDD27FCD-6BE1-4817-ACAB-237658667A95}.Release|Any CPU.Build.0 = Release|Any CPU
	EndGlobalSection
	GlobalSection(SolutionProperties) = preSolution
		HideSolutionNode = FALSE
	EndGlobalSection
	GlobalSection(NestedProjects) = preSolution
		{21BC3289-D577-49C6-9B9C-580C23D99BC9} = {5DB57605-91FE-42A5-9B06-3FC09CA8FF9D}
		{5DB57605-91FE-42A5-9B06-3FC09CA8FF9D} = {02EA681E-C7D8-13C7-8484-4AC65E1B71E8}
		{36570BD9-8D0A-4E6D-A839-BEDC5A03E323} = {02EA681E-C7D8-13C7-8484-4AC65E1B71E8}
		{0E0F7508-CD06-4BA1-A170-6E9D2A8178C7} = {36570BD9-8D0A-4E6D-A839-BEDC5A03E323}
		{313121F3-23A9-4856-8C29-42F84EACECBA} = {02EA681E-C7D8-13C7-8484-4AC65E1B71E8}
		{FB1F7322-7863-4E9B-9D9D-E4D00345F91C} = {313121F3-23A9-4856-8C29-42F84EACECBA}
		{7AF621C3-7706-4B66-A197-1AC255FDDD1E} = {313121F3-23A9-4856-8C29-42F84EACECBA}
		{152E9F93-1E23-4BEF-8B59-135841B15F36} = {313121F3-23A9-4856-8C29-42F84EACECBA}
		{B9E5AE01-6013-493B-8C36-563A03BA0FFD} = {FB1F7322-7863-4E9B-9D9D-E4D00345F91C}
		{26271E9A-24CC-4692-AFE9-1B638C965550} = {FB1F7322-7863-4E9B-9D9D-E4D00345F91C}
		{37E26818-2813-4F8F-9153-6354345DD076} = {7AF621C3-7706-4B66-A197-1AC255FDDD1E}
		{0F8F4FB4-9EB9-4C5C-BF21-93A1F4A37170} = {152E9F93-1E23-4BEF-8B59-135841B15F36}
		{EA14094F-FB55-5ABC-1402-B4229C4AD0B1} = {A973780A-CEF6-49C8-B7B6-CAD047F77360}
		{5B1B7302-04EF-489F-8820-EA99F2D209B2} = {02EA681E-C7D8-13C7-8484-4AC65E1B71E8}
		{41E55B55-9ECA-4FA5-AB28-2916F8CBB1F0} = {5B1B7302-04EF-489F-8820-EA99F2D209B2}
		{9E9CAAB0-A1E9-4B55-ADDA-76366A7AC7FB} = {5B1B7302-04EF-489F-8820-EA99F2D209B2}
		{79C69774-6BD3-4CDE-946D-3D99A703C444} = {5B1B7302-04EF-489F-8820-EA99F2D209B2}
		{3A5BD039-528D-4512-AF7B-B56A6A5CC44C} = {5B1B7302-04EF-489F-8820-EA99F2D209B2}
		{8FBA8E4A-0191-4703-9359-2A2599FD9839} = {5B1B7302-04EF-489F-8820-EA99F2D209B2}
		{3E9F7A9D-8FF1-4349-9D18-3063907C5E0A} = {02EA681E-C7D8-13C7-8484-4AC65E1B71E8}
		{2C1AF309-CF0E-4391-9823-7F9E81F6A9F4} = {3E9F7A9D-8FF1-4349-9D18-3063907C5E0A}
		{CD2F3DAF-7CF3-4AD3-97D5-D3877F146F29} = {BB690AA7-A82B-40BF-A0AB-22A42D3A8E65}
		{DDD27FCD-6BE1-4817-ACAB-237658667A95} = {BB690AA7-A82B-40BF-A0AB-22A42D3A8E65}
	EndGlobalSection
	GlobalSection(ExtensibilityGlobals) = postSolution
		SolutionGuid = {8F692E0A-CECE-4CE0-AB78-ED23C820041B}
	EndGlobalSection
EndGlobal
