
Microsoft Visual Studio Solution File, Format Version 12.00
# Visual Studio Version 17
VisualStudioVersion = 17.13.35605.110
MinimumVisualStudioVersion = 10.0.40219.1
Project("{2150E333-8FDC-42A3-9474-1A3956D46DE8}") = "Services", "Services", "{02EA681E-C7D8-13C7-8484-4AC65E1B71E8}"
EndProject
Project("{FAE04EC0-301F-11D3-BF4B-00C04F79EFBC}") = "MultiShop.Catalog", "Services\Catalog\MultiShop.Catalog\MultiShop.Catalog.csproj", "{21BC3289-D577-49C6-9B9C-580C23D99BC9}"
EndProject
Project("{2150E333-8FDC-42A3-9474-1A3956D46DE8}") = "Catalog", "Catalog", "{5DB57605-91FE-42A5-9B06-3FC09CA8FF9D}"
EndProject
Project("{2150E333-8FDC-42A3-9474-1A3956D46DE8}") = "Discount", "Discount", "{36570BD9-8D0A-4E6D-A839-BEDC5A03E323}"
EndProject
Project("{FAE04EC0-301F-11D3-BF4B-00C04F79EFBC}") = "MultiShop.Discount", "Services\Discount\MultiShop.Discount\MultiShop.Discount.csproj", "{0E0F7508-CD06-4BA1-A170-6E9D2A8178C7}"
EndProject
Project("{2150E333-8FDC-42A3-9474-1A3956D46DE8}") = "Order", "Order", "{313121F3-23A9-4856-8C29-42F84EACECBA}"
EndProject
Project("{2150E333-8FDC-42A3-9474-1A3956D46DE8}") = "Core", "Core", "{FB1F7322-7863-4E9B-9D9D-E4D00345F91C}"
EndProject
Project("{2150E333-8FDC-42A3-9474-1A3956D46DE8}") = "Infrastructure", "Infrastructure", "{7AF621C3-7706-4B66-A197-1AC255FDDD1E}"
EndProject
Project("{2150E333-8FDC-42A3-9474-1A3956D46DE8}") = "Presentation", "Presentation", "{152E9F93-1E23-4BEF-8B59-135841B15F36}"
EndProject
Project("{FAE04EC0-301F-11D3-BF4B-00C04F79EFBC}") = "MultiShop.Order.Domain", "Services\Order\Core\MultiShop.Order.Domain\MultiShop.Order.Domain.csproj", "{B9E5AE01-6013-493B-8C36-563A03BA0FFD}"
EndProject
Project("{FAE04EC0-301F-11D3-BF4B-00C04F79EFBC}") = "MultiShop.Order.Application", "Services\Order\Core\MultiShop.Order.Application\MultiShop.Order.Application.csproj", "{26271E9A-24CC-4692-AFE9-1B638C965550}"
EndProject
Project("{FAE04EC0-301F-11D3-BF4B-00C04F79EFBC}") = "MultiShop.Order.Persistence", "Services\Order\Infrastructure\MultiShop.Order.Persistence\MultiShop.Order.Persistence.csproj", "{37E26818-2813-4F8F-9153-6354345DD076}"
EndProject
Project("{FAE04EC0-301F-11D3-BF4B-00C04F79EFBC}") = "MultiShop.Order.WebApi", "Services\Order\Presentation\MultiShop.Order.WebApi\MultiShop.Order.WebApi.csproj", "{0F8F4FB4-9EB9-4C5C-BF21-93A1F4A37170}"
EndProject
Project("{2150E333-8FDC-42A3-9474-1A3956D46DE8}") = "IdentityServer", "IdentityServer", "{02EA681E-C7D8-13C7-8484-4AC65E1B71E8}"
EndProject
Project("{FAE04EC0-301F-11D3-BF4B-00C04F79EFBC}") = "MultiShop.IdentityServer", "IdentityServer\MultiShop.IdentityServer\MultiShop.IdentityServer.csproj", "{EA14094F-FB55-5ABC-1402-B4229C4AD0B1}"
EndProject
Global
	GlobalSection(SolutionConfigurationPlatforms) = preSolution
		Debug|Any CPU = Debug|Any CPU
		Release|Any CPU = Release|Any CPU
	EndGlobalSection
	GlobalSection(ProjectConfigurationPlatforms) = postSolution
		{21BC3289-D577-49C6-9B9C-580C23D99BC9}.Debug|Any CPU.ActiveCfg = Debug|Any CPU
		{21BC3289-D577-49C6-9B9C-580C23D99BC9}.Debug|Any CPU.Build.0 = Debug|Any CPU
		{21BC3289-D577-49C6-9B9C-580C23D99BC9}.Release|Any CPU.ActiveCfg = Release|Any CPU
		{21BC3289-D577-49C6-9B9C-580C23D99BC9}.Release|Any CPU.Build.0 = Release|Any CPU
		{0E0F7508-CD06-4BA1-A170-6E9D2A8178C7}.Debug|Any CPU.ActiveCfg = Debug|Any CPU
		{0E0F7508-CD06-4BA1-A170-6E9D2A8178C7}.Debug|Any CPU.Build.0 = Debug|Any CPU
		{0E0F7508-CD06-4BA1-A170-6E9D2A8178C7}.Release|Any CPU.ActiveCfg = Release|Any CPU
		{0E0F7508-CD06-4BA1-A170-6E9D2A8178C7}.Release|Any CPU.Build.0 = Release|Any CPU
		{B9E5AE01-6013-493B-8C36-563A03BA0FFD}.Debug|Any CPU.ActiveCfg = Debug|Any CPU
		{B9E5AE01-6013-493B-8C36-563A03BA0FFD}.Debug|Any CPU.Build.0 = Debug|Any CPU
		{B9E5AE01-6013-493B-8C36-563A03BA0FFD}.Release|Any CPU.ActiveCfg = Release|Any CPU
		{B9E5AE01-6013-493B-8C36-563A03BA0FFD}.Release|Any CPU.Build.0 = Release|Any CPU
		{26271E9A-24CC-4692-AFE9-1B638C965550}.Debug|Any CPU.ActiveCfg = Debug|Any CPU
		{26271E9A-24CC-4692-AFE9-1B638C965550}.Debug|Any CPU.Build.0 = Debug|Any CPU
		{26271E9A-24CC-4692-AFE9-1B638C965550}.Release|Any CPU.ActiveCfg = Release|Any CPU
		{26271E9A-24CC-4692-AFE9-1B638C965550}.Release|Any CPU.Build.0 = Release|Any CPU
		{37E26818-2813-4F8F-9153-6354345DD076}.Debug|Any CPU.ActiveCfg = Debug|Any CPU
		{37E26818-2813-4F8F-9153-6354345DD076}.Debug|Any CPU.Build.0 = Debug|Any CPU
		{37E26818-2813-4F8F-9153-6354345DD076}.Release|Any CPU.ActiveCfg = Release|Any CPU
		{37E26818-2813-4F8F-9153-6354345DD076}.Release|Any CPU.Build.0 = Release|Any CPU
		{0F8F4FB4-9EB9-4C5C-BF21-93A1F4A37170}.Debug|Any CPU.ActiveCfg = Debug|Any CPU
		{0F8F4FB4-9EB9-4C5C-BF21-93A1F4A37170}.Debug|Any CPU.Build.0 = Debug|Any CPU
		{0F8F4FB4-9EB9-4C5C-BF21-93A1F4A37170}.Release|Any CPU.ActiveCfg = Release|Any CPU
		{0F8F4FB4-9EB9-4C5C-BF21-93A1F4A37170}.Release|Any CPU.Build.0 = Release|Any CPU
		{EA14094F-FB55-5ABC-1402-B4229C4AD0B1}.Debug|Any CPU.ActiveCfg = Debug|Any CPU
		{EA14094F-FB55-5ABC-1402-B4229C4AD0B1}.Debug|Any CPU.Build.0 = Debug|Any CPU
		{EA14094F-FB55-5ABC-1402-B4229C4AD0B1}.Release|Any CPU.ActiveCfg = Release|Any CPU
		{EA14094F-FB55-5ABC-1402-B4229C4AD0B1}.Release|Any CPU.Build.0 = Release|Any CPU
	EndGlobalSection
	GlobalSection(SolutionProperties) = preSolution
		HideSolutionNode = FALSE
	EndGlobalSection
	GlobalSection(NestedProjects) = preSolution
		{21BC3289-D577-49C6-9B9C-580C23D99BC9} = {5DB57605-91FE-42A5-9B06-3FC09CA8FF9D}
		{5DB57605-91FE-42A5-9B06-3FC09CA8FF9D} = {02EA681E-C7D8-13C7-8484-4AC65E1B71E8}
		{36570BD9-8D0A-4E6D-A839-BEDC5A03E323} = {02EA681E-C7D8-13C7-8484-4AC65E1B71E8}
		{0E0F7508-CD06-4BA1-A170-6E9D2A8178C7} = {36570BD9-8D0A-4E6D-A839-BEDC5A03E323}
		{313121F3-23A9-4856-8C29-42F84EACECBA} = {02EA681E-C7D8-13C7-8484-4AC65E1B71E8}
		{FB1F7322-7863-4E9B-9D9D-E4D00345F91C} = {313121F3-23A9-4856-8C29-42F84EACECBA}
		{7AF621C3-7706-4B66-A197-1AC255FDDD1E} = {313121F3-23A9-4856-8C29-42F84EACECBA}
		{152E9F93-1E23-4BEF-8B59-135841B15F36} = {313121F3-23A9-4856-8C29-42F84EACECBA}
		{B9E5AE01-6013-493B-8C36-563A03BA0FFD} = {FB1F7322-7863-4E9B-9D9D-E4D00345F91C}
		{26271E9A-24CC-4692-AFE9-1B638C965550} = {FB1F7322-7863-4E9B-9D9D-E4D00345F91C}
		{37E26818-2813-4F8F-9153-6354345DD076} = {7AF621C3-7706-4B66-A197-1AC255FDDD1E}
		{0F8F4FB4-9EB9-4C5C-BF21-93A1F4A37170} = {152E9F93-1E23-4BEF-8B59-135841B15F36}
		{EA14094F-FB55-5ABC-1402-B4229C4AD0B1} = {02EA681E-C7D8-13C7-8484-4AC65E1B71E8}
	EndGlobalSection
	GlobalSection(ExtensibilityGlobals) = postSolution
		SolutionGuid = {8F692E0A-CECE-4CE0-AB78-ED23C820041B}
	EndGlobalSection
EndGlobal
